{
  "lockfile_version": "1",
  "packages": {
    "argocd@latest": {
      "last_modified": "2024-04-02T02:53:36Z",
      "resolved": "github:NixOS/nixpkgs/080a4a27f206d07724b88da096e27ef63401a504#argocd",
      "source": "devbox-search",
      "version": "2.10.5",
      "systems": {
        "aarch64-darwin": {
          "outputs": [
            {
              "name": "out",
              "path": "/nix/store/512gygmjyfcrr7jsmim09mcpnrzfxz03-argocd-2.10.5",
              "default": true
            }
          ],
          "store_path": "/nix/store/512gygmjyfcrr7jsmim09mcpnrzfxz03-argocd-2.10.5"
        },
        "aarch64-linux": {
          "outputs": [
            {
              "name": "out",
              "path": "/nix/store/li2wif7aqfx6qm54prfa207f0qqf5skn-argocd-2.10.5",
              "default": true
            }
          ],
          "store_path": "/nix/store/li2wif7aqfx6qm54prfa207f0qqf5skn-argocd-2.10.5"
        },
        "x86_64-darwin": {
          "outputs": [
            {
              "name": "out",
              "path": "/nix/store/4xrn0nhgbjsa0cclqhbzpp42zjyqly4j-argocd-2.10.5",
              "default": true
            }
          ],
          "store_path": "/nix/store/4xrn0nhgbjsa0cclqhbzpp42zjyqly4j-argocd-2.10.5"
        },
        "x86_64-linux": {
          "outputs": [
            {
              "name": "out",
              "path": "/nix/store/njpycjxl466nb4bmcbxd8iaymz3q5wbp-argocd-2.10.5",
              "default": true
            }
          ],
          "store_path": "/nix/store/njpycjxl466nb4bmcbxd8iaymz3q5wbp-argocd-2.10.5"
        }
      }
    },
    "aws-iam-authenticator@latest": {
      "last_modified": "2024-04-02T02:53:36Z",
      "resolved": "github:NixOS/nixpkgs/080a4a27f206d07724b88da096e27ef63401a504#aws-iam-authenticator",
      "source": "devbox-search",
      "version": "0.6.19",
      "systems": {
        "aarch64-darwin": {
          "outputs": [
            {
              "name": "out",
              "path": "/nix/store/lff73j5yr75ycn936lasa0lc8zk2x1gv-aws-iam-authenticator-0.6.19",
              "default": true
            }
          ],
          "store_path": "/nix/store/lff73j5yr75ycn936lasa0lc8zk2x1gv-aws-iam-authenticator-0.6.19"
        },
        "aarch64-linux": {
          "outputs": [
            {
              "name": "out",
              "path": "/nix/store/v3lpmqlcilqc5ckdyb7hixamac0nzz51-aws-iam-authenticator-0.6.19",
              "default": true
            }
          ],
          "store_path": "/nix/store/v3lpmqlcilqc5ckdyb7hixamac0nzz51-aws-iam-authenticator-0.6.19"
        },
        "x86_64-darwin": {
          "outputs": [
            {
              "name": "out",
              "path": "/nix/store/83pdcfbigmx7l1phhiqyv7yvlq7afhnb-aws-iam-authenticator-0.6.19",
              "default": true
            }
          ],
          "store_path": "/nix/store/83pdcfbigmx7l1phhiqyv7yvlq7afhnb-aws-iam-authenticator-0.6.19"
        },
        "x86_64-linux": {
          "outputs": [
            {
              "name": "out",
              "path": "/nix/store/j7ywznp6jz9jj8498a92nb2m8bpwij3r-aws-iam-authenticator-0.6.19",
              "default": true
            }
          ],
          "store_path": "/nix/store/j7ywznp6jz9jj8498a92nb2m8bpwij3r-aws-iam-authenticator-0.6.19"
        }
      }
    },
    "awscli@latest": {
      "last_modified": "2024-03-22T11:26:23Z",
      "resolved": "github:NixOS/nixpkgs/a3ed7406349a9335cb4c2a71369b697cecd9d351#awscli",
      "source": "devbox-search",
      "version": "1.32.58",
      "systems": {
        "aarch64-darwin": {
          "outputs": [
            {
              "name": "out",
              "path": "/nix/store/c1k5m0flcrhafxg3ny55zci09rdqj479-awscli-1.32.58",
              "default": true
            },
            {
              "name": "dist",
              "path": "/nix/store/l9fw89fbnj0v35xn4ndy31ziadq4y4hj-awscli-1.32.58-dist"
            }
          ],
          "store_path": "/nix/store/c1k5m0flcrhafxg3ny55zci09rdqj479-awscli-1.32.58"
        },
        "aarch64-linux": {
          "outputs": [
            {
              "name": "out",
              "path": "/nix/store/j4xpvrpsaj0zdvjm31b5nnyvsy5h27ak-awscli-1.32.58",
              "default": true
            },
            {
              "name": "dist",
              "path": "/nix/store/qp0dvfbva2mv5hs912gjl5w8jbamz8fv-awscli-1.32.58-dist"
            }
          ],
          "store_path": "/nix/store/j4xpvrpsaj0zdvjm31b5nnyvsy5h27ak-awscli-1.32.58"
        },
        "x86_64-darwin": {
          "outputs": [
            {
              "name": "out",
              "path": "/nix/store/0zdsvsyzgb7fvppgkzd29c2gq1598qvg-awscli-1.32.58",
              "default": true
            },
            {
              "name": "dist",
              "path": "/nix/store/lv424vdq3sl8sgiq3kb694a58gp2ics8-awscli-1.32.58-dist"
            }
          ],
          "store_path": "/nix/store/0zdsvsyzgb7fvppgkzd29c2gq1598qvg-awscli-1.32.58"
        },
        "x86_64-linux": {
          "outputs": [
            {
              "name": "out",
              "path": "/nix/store/hmqqyq9p29v9n1jwfzyi1ccqk8691chf-awscli-1.32.58",
              "default": true
            },
            {
              "name": "dist",
              "path": "/nix/store/52hfai9qzyjq79bsdhfz7flqf5x90di1-awscli-1.32.58-dist"
            }
          ],
          "store_path": "/nix/store/hmqqyq9p29v9n1jwfzyi1ccqk8691chf-awscli-1.32.58"
        }
      }
    },
    "bat@latest": {
      "last_modified": "2024-03-22T07:26:23-04:00",
      "resolved": "github:NixOS/nixpkgs/a3ed7406349a9335cb4c2a71369b697cecd9d351#bat",
      "source": "devbox-search",
      "version": "0.24.0",
      "systems": {
        "aarch64-darwin": {
          "outputs": [
            {
              "name": "out",
              "path": "/nix/store/b8991q41z441kfl4qp8x9nargqqqd4qy-bat-0.24.0",
              "default": true
            }
          ],
          "store_path": "/nix/store/b8991q41z441kfl4qp8x9nargqqqd4qy-bat-0.24.0"
        },
        "aarch64-linux": {
          "outputs": [
            {
              "name": "out",
              "path": "/nix/store/dw73xx42i3z5h6qkyqam3k522pq2xdjf-bat-0.24.0",
              "default": true
            }
          ],
          "store_path": "/nix/store/dw73xx42i3z5h6qkyqam3k522pq2xdjf-bat-0.24.0"
        },
        "x86_64-darwin": {
          "outputs": [
            {
              "name": "out",
              "path": "/nix/store/f95s1mm3dyg7632dmmqhrljmicmml8mj-bat-0.24.0",
              "default": true
            }
          ],
          "store_path": "/nix/store/f95s1mm3dyg7632dmmqhrljmicmml8mj-bat-0.24.0"
        },
        "x86_64-linux": {
          "outputs": [
            {
              "name": "out",
              "path": "/nix/store/0nw72cc05ksd5j2h09gdj9nh3hqgybrh-bat-0.24.0",
              "default": true
            }
          ],
          "store_path": "/nix/store/0nw72cc05ksd5j2h09gdj9nh3hqgybrh-bat-0.24.0"
        }
      }
    },
    "diskonaut@latest": {
      "last_modified": "2024-03-22T11:26:23Z",
      "resolved": "github:NixOS/nixpkgs/a3ed7406349a9335cb4c2a71369b697cecd9d351#diskonaut",
      "source": "devbox-search",
      "version": "0.11.0",
      "systems": {
        "aarch64-darwin": {
          "outputs": [
            {
              "name": "out",
              "path": "/nix/store/n5x8gwj2ndglza1k33a6i91gkd7lpscj-diskonaut-0.11.0",
              "default": true
            }
          ],
          "store_path": "/nix/store/n5x8gwj2ndglza1k33a6i91gkd7lpscj-diskonaut-0.11.0"
        },
        "aarch64-linux": {
          "outputs": [
            {
              "name": "out",
              "path": "/nix/store/2380w9qry73xdfmx6ib25xs96ls05zgn-diskonaut-0.11.0",
              "default": true
            }
          ],
          "store_path": "/nix/store/2380w9qry73xdfmx6ib25xs96ls05zgn-diskonaut-0.11.0"
        },
        "x86_64-darwin": {
          "outputs": [
            {
              "name": "out",
              "path": "/nix/store/5hzrr6v562ywlmz2a3v9v8sia64x6qf8-diskonaut-0.11.0",
              "default": true
            }
          ],
          "store_path": "/nix/store/5hzrr6v562ywlmz2a3v9v8sia64x6qf8-diskonaut-0.11.0"
        },
        "x86_64-linux": {
          "outputs": [
            {
              "name": "out",
              "path": "/nix/store/1wqnqhn5i2y5s2328mkpvwhp5146qnl4-diskonaut-0.11.0",
              "default": true
            }
          ],
          "store_path": "/nix/store/1wqnqhn5i2y5s2328mkpvwhp5146qnl4-diskonaut-0.11.0"
        }
      }
    },
    "dive@latest": {
      "last_modified": "2024-04-19T17:36:04-04:00",
      "resolved": "github:NixOS/nixpkgs/92d295f588631b0db2da509f381b4fb1e74173c5#dive",
      "source": "devbox-search",
      "version": "0.12.0",
      "systems": {
        "aarch64-darwin": {
          "outputs": [
            {
              "name": "out",
              "path": "/nix/store/ygsjqkpfzgphr46frk0n7dbx0w667165-dive-0.12.0",
              "default": true
            }
          ],
          "store_path": "/nix/store/ygsjqkpfzgphr46frk0n7dbx0w667165-dive-0.12.0"
        },
        "aarch64-linux": {
          "outputs": [
            {
              "name": "out",
              "path": "/nix/store/f1ycbr4pzw9qvs598rjy7d4jvmy9ag0l-dive-0.12.0",
              "default": true
            }
          ],
          "store_path": "/nix/store/f1ycbr4pzw9qvs598rjy7d4jvmy9ag0l-dive-0.12.0"
        },
        "x86_64-darwin": {
          "outputs": [
            {
              "name": "out",
              "path": "/nix/store/2knjd6fvc3j6skvbrx813cg0abyr5mrv-dive-0.12.0",
              "default": true
            }
          ],
          "store_path": "/nix/store/2knjd6fvc3j6skvbrx813cg0abyr5mrv-dive-0.12.0"
        },
        "x86_64-linux": {
          "outputs": [
            {
              "name": "out",
              "path": "/nix/store/raz4dfr3yial0f51qy975zz9y5jz1y32-dive-0.12.0",
              "default": true
            }
          ],
          "store_path": "/nix/store/raz4dfr3yial0f51qy975zz9y5jz1y32-dive-0.12.0"
        }
      }
    },
    "dos2unix@latest": {
      "last_modified": "2024-04-19T17:36:04-04:00",
      "resolved": "github:NixOS/nixpkgs/92d295f588631b0db2da509f381b4fb1e74173c5#dos2unix",
      "source": "devbox-search",
      "version": "7.5.2",
      "systems": {
        "aarch64-darwin": {
          "outputs": [
            {
              "name": "out",
              "path": "/nix/store/wknbzsk9mxqrnjglbjkdy79gxr54sfpa-dos2unix-7.5.2",
              "default": true
            }
          ],
          "store_path": "/nix/store/wknbzsk9mxqrnjglbjkdy79gxr54sfpa-dos2unix-7.5.2"
        },
        "aarch64-linux": {
          "outputs": [
            {
              "name": "out",
              "path": "/nix/store/cx5zryd55cs3js73jagkzijyf2rklw61-dos2unix-7.5.2",
              "default": true
            }
          ],
          "store_path": "/nix/store/cx5zryd55cs3js73jagkzijyf2rklw61-dos2unix-7.5.2"
        },
        "x86_64-darwin": {
          "outputs": [
            {
              "name": "out",
              "path": "/nix/store/ppsy774hpanrhflwx2yfk89yxxkl26xl-dos2unix-7.5.2",
              "default": true
            }
          ],
          "store_path": "/nix/store/ppsy774hpanrhflwx2yfk89yxxkl26xl-dos2unix-7.5.2"
        },
        "x86_64-linux": {
          "outputs": [
            {
              "name": "out",
              "path": "/nix/store/zcl5rirfkijyf0vn4pz3wagaffqz53qj-dos2unix-7.5.2",
              "default": true
            }
          ],
          "store_path": "/nix/store/zcl5rirfkijyf0vn4pz3wagaffqz53qj-dos2unix-7.5.2"
        }
      }
    },
    "eksctl@latest": {
      "last_modified": "2024-03-23T13:32:18Z",
      "resolved": "github:NixOS/nixpkgs/20bc93ca7b2158ebc99b8cef987a2173a81cde35#eksctl",
      "source": "devbox-search",
      "version": "0.175.0",
      "systems": {
        "aarch64-darwin": {
          "outputs": [
            {
              "name": "out",
              "path": "/nix/store/qafk4m5pnrw443vl3dp5azpip75bi7fw-eksctl-0.175.0",
              "default": true
            }
          ],
          "store_path": "/nix/store/qafk4m5pnrw443vl3dp5azpip75bi7fw-eksctl-0.175.0"
        },
        "aarch64-linux": {
          "outputs": [
            {
              "name": "out",
              "path": "/nix/store/hppnjbibykxlvicbn6in1fcllr6lwnan-eksctl-0.175.0",
              "default": true
            }
          ],
          "store_path": "/nix/store/hppnjbibykxlvicbn6in1fcllr6lwnan-eksctl-0.175.0"
        },
        "x86_64-darwin": {
          "outputs": [
            {
              "name": "out",
              "path": "/nix/store/c9ix5lsyll2hil9vaq197qnnplyd8irq-eksctl-0.175.0",
              "default": true
            }
          ],
          "store_path": "/nix/store/c9ix5lsyll2hil9vaq197qnnplyd8irq-eksctl-0.175.0"
        },
        "x86_64-linux": {
          "outputs": [
            {
              "name": "out",
              "path": "/nix/store/31372z0nzcqj36xijjlg3q8ckwjqmw8y-eksctl-0.175.0",
              "default": true
            }
          ],
          "store_path": "/nix/store/31372z0nzcqj36xijjlg3q8ckwjqmw8y-eksctl-0.175.0"
        }
      }
    },
    "eza@latest": {
      "last_modified": "2024-03-27T14:07:41-04:00",
      "resolved": "github:NixOS/nixpkgs/feb8fc72187e5beae47d81fc38541fae89e7eaf8#eza",
      "source": "devbox-search",
      "version": "0.18.9",
      "systems": {
        "aarch64-darwin": {
          "outputs": [
            {
              "name": "out",
              "path": "/nix/store/hambkfxy8n14x9fhxs6rk2v2pi77yh97-eza-0.18.9",
              "default": true
            },
            {
              "name": "man",
              "path": "/nix/store/ls77nvl1g8s4k20nhll1kskn5xxyccf8-eza-0.18.9-man",
              "default": true
            }
          ],
          "store_path": "/nix/store/hambkfxy8n14x9fhxs6rk2v2pi77yh97-eza-0.18.9"
        },
        "aarch64-linux": {
          "outputs": [
            {
              "name": "out",
              "path": "/nix/store/650zvffl8bc221n3ac2in8h0i6w5rw2p-eza-0.18.9",
              "default": true
            },
            {
              "name": "man",
              "path": "/nix/store/zlzglpndrd1m9amxz8a5mbc0ywhsw6fi-eza-0.18.9-man",
              "default": true
            }
          ],
          "store_path": "/nix/store/650zvffl8bc221n3ac2in8h0i6w5rw2p-eza-0.18.9"
        },
        "x86_64-darwin": {
          "outputs": [
            {
              "name": "out",
              "path": "/nix/store/jii7jwp42mlxm24fb6bivm00gha9sccs-eza-0.18.9",
              "default": true
            },
            {
              "name": "man",
              "path": "/nix/store/4sxb1j36a353v8vhn60m3n5d2wkry4jj-eza-0.18.9-man",
              "default": true
            }
          ],
          "store_path": "/nix/store/jii7jwp42mlxm24fb6bivm00gha9sccs-eza-0.18.9"
        },
        "x86_64-linux": {
          "outputs": [
            {
              "name": "out",
              "path": "/nix/store/q9yfx7f037fkbhljv4g3gzx01rcpacz5-eza-0.18.9",
              "default": true
            },
            {
              "name": "man",
              "path": "/nix/store/qsbrb506dk9999rw636db9fvsgqddpzd-eza-0.18.9-man",
              "default": true
            }
          ],
          "store_path": "/nix/store/q9yfx7f037fkbhljv4g3gzx01rcpacz5-eza-0.18.9"
        }
      }
    },
    "fzf-zsh@latest": {
      "last_modified": "2024-03-22T07:26:23-04:00",
      "resolved": "github:NixOS/nixpkgs/a3ed7406349a9335cb4c2a71369b697cecd9d351#fzf-zsh",
      "source": "devbox-search",
      "version": "2019-09-09",
      "systems": {
        "aarch64-darwin": {
          "outputs": [
            {
              "name": "out",
              "path": "/nix/store/zsmfjscmyirhhvjxbqcpf9ax7wqm7vkj-fzf-zsh-unstable-2019-09-09",
              "default": true
            }
          ],
          "store_path": "/nix/store/zsmfjscmyirhhvjxbqcpf9ax7wqm7vkj-fzf-zsh-unstable-2019-09-09"
        },
        "aarch64-linux": {
          "outputs": [
            {
              "name": "out",
              "path": "/nix/store/wqc0agajb2k71rc27pp36spxclv38prh-fzf-zsh-unstable-2019-09-09",
              "default": true
            }
          ],
          "store_path": "/nix/store/wqc0agajb2k71rc27pp36spxclv38prh-fzf-zsh-unstable-2019-09-09"
        },
        "x86_64-darwin": {
          "outputs": [
            {
              "name": "out",
              "path": "/nix/store/8bvzrbghvbdqjvwvwbvmh160yi2zk802-fzf-zsh-unstable-2019-09-09",
              "default": true
            }
          ],
          "store_path": "/nix/store/8bvzrbghvbdqjvwvwbvmh160yi2zk802-fzf-zsh-unstable-2019-09-09"
        },
        "x86_64-linux": {
          "outputs": [
            {
              "name": "out",
              "path": "/nix/store/zc8gh9pd5nihhvmdf43hh8inm5wxa6wq-fzf-zsh-unstable-2019-09-09",
              "default": true
            }
          ],
          "store_path": "/nix/store/zc8gh9pd5nihhvmdf43hh8inm5wxa6wq-fzf-zsh-unstable-2019-09-09"
        }
      }
    },
    "fzf@latest": {
      "last_modified": "2024-03-22T07:26:23-04:00",
      "resolved": "github:NixOS/nixpkgs/a3ed7406349a9335cb4c2a71369b697cecd9d351#fzf",
      "source": "devbox-search",
      "version": "0.47.0",
      "systems": {
        "aarch64-darwin": {
          "outputs": [
            {
              "name": "out",
              "path": "/nix/store/cn6nshsmqzrdbc4jki72m53k9qwaaivl-fzf-0.47.0",
              "default": true
            },
            {
              "name": "man",
              "path": "/nix/store/y5fjfar2bq69kldlgxdd5s6jnz59c6j6-fzf-0.47.0-man",
              "default": true
            }
          ],
          "store_path": "/nix/store/cn6nshsmqzrdbc4jki72m53k9qwaaivl-fzf-0.47.0"
        },
        "aarch64-linux": {
          "outputs": [
            {
              "name": "out",
              "path": "/nix/store/25y0sgjf24q1nlhksr34kz3f6g3sf4fy-fzf-0.47.0",
              "default": true
            },
            {
              "name": "man",
              "path": "/nix/store/ykx7qqb9hm3yw9alppa9p4rp7p454pz8-fzf-0.47.0-man",
              "default": true
            }
          ],
          "store_path": "/nix/store/25y0sgjf24q1nlhksr34kz3f6g3sf4fy-fzf-0.47.0"
        },
        "x86_64-darwin": {
          "outputs": [
            {
              "name": "out",
              "path": "/nix/store/j0kk5xnrzdffq32idj450i98c8qkyyfd-fzf-0.47.0",
              "default": true
            },
            {
              "name": "man",
              "path": "/nix/store/2wjmbkpdxznhi0v1qh3zx9blm8rxix7i-fzf-0.47.0-man",
              "default": true
            }
          ],
          "store_path": "/nix/store/j0kk5xnrzdffq32idj450i98c8qkyyfd-fzf-0.47.0"
        },
        "x86_64-linux": {
          "outputs": [
            {
              "name": "out",
              "path": "/nix/store/sif8a7y7p7r7wxpww2inxfrckni69c1a-fzf-0.47.0",
              "default": true
            },
            {
              "name": "man",
              "path": "/nix/store/gdfkzjik3a2pbz9y3zn2a8w8szaay67c-fzf-0.47.0-man",
              "default": true
            }
          ],
          "store_path": "/nix/store/sif8a7y7p7r7wxpww2inxfrckni69c1a-fzf-0.47.0"
        }
      }
    },
    "htop@latest": {
      "last_modified": "2024-03-22T07:26:23-04:00",
      "resolved": "github:NixOS/nixpkgs/a3ed7406349a9335cb4c2a71369b697cecd9d351#htop",
      "source": "devbox-search",
      "version": "3.3.0",
      "systems": {
        "aarch64-darwin": {
          "outputs": [
            {
              "name": "out",
              "path": "/nix/store/y81dx0z98q5y8wwd2gq3kw412vgiqrqs-htop-3.3.0",
              "default": true
            }
          ],
          "store_path": "/nix/store/y81dx0z98q5y8wwd2gq3kw412vgiqrqs-htop-3.3.0"
        },
        "aarch64-linux": {
          "outputs": [
            {
              "name": "out",
              "path": "/nix/store/01gk0d94pfr0djzkq03h7jbq6q5pkx9s-htop-3.3.0",
              "default": true
            }
          ],
          "store_path": "/nix/store/01gk0d94pfr0djzkq03h7jbq6q5pkx9s-htop-3.3.0"
        },
        "x86_64-darwin": {
          "outputs": [
            {
              "name": "out",
              "path": "/nix/store/ybaci5x7syf7l2418i5rmg4avqskwv9b-htop-3.3.0",
              "default": true
            }
          ],
          "store_path": "/nix/store/ybaci5x7syf7l2418i5rmg4avqskwv9b-htop-3.3.0"
        },
        "x86_64-linux": {
          "outputs": [
            {
              "name": "out",
              "path": "/nix/store/rcvyrs9xq161njpz3zdwpc21a3hbl41x-htop-3.3.0",
              "default": true
            }
          ],
          "store_path": "/nix/store/rcvyrs9xq161njpz3zdwpc21a3hbl41x-htop-3.3.0"
        }
      }
    },
    "jq@latest": {
      "last_modified": "2024-04-21T11:44:28-04:00",
      "resolved": "github:NixOS/nixpkgs/69ee1d82f1fa4c70a3dc9a64111e7eef3b8e4527#jq",
      "source": "devbox-search",
      "version": "1.7.1",
      "systems": {
        "aarch64-darwin": {
          "outputs": [
            {
              "name": "bin",
              "path": "/nix/store/cpd390lw7hzsbvsq02d3prxjyj987ykg-jq-1.7.1-bin",
              "default": true
            },
            {
              "name": "man",
              "path": "/nix/store/nm26pqk8f9cfdk42x0fzdhccfhijcycd-jq-1.7.1-man",
              "default": true
            },
            {
              "name": "out",
              "path": "/nix/store/2il8xa2rsv55i0a86ivm59pndqfardhc-jq-1.7.1"
            },
            {
              "name": "dev",
              "path": "/nix/store/j1rai51ycjm9y5bayrfii1y0rqldbxxv-jq-1.7.1-dev"
            },
            {
              "name": "doc",
              "path": "/nix/store/a1sscyljd5lx674lh8ab7wjlb0d03x86-jq-1.7.1-doc"
            },
            {
              "name": "lib",
              "path": "/nix/store/05mw0b8ririsykj8fpc1dy9lgnnlp77i-jq-1.7.1-lib"
            }
          ],
          "store_path": "/nix/store/cpd390lw7hzsbvsq02d3prxjyj987ykg-jq-1.7.1-bin"
        },
        "aarch64-linux": {
          "outputs": [
            {
              "name": "bin",
              "path": "/nix/store/www2wsy5azig3si2mcvcbig36npvz8p0-jq-1.7.1-bin",
              "default": true
            },
            {
              "name": "man",
              "path": "/nix/store/f8kd7zxmlciy87xrf1j36q2rymld3a22-jq-1.7.1-man",
              "default": true
            },
            {
              "name": "dev",
              "path": "/nix/store/b8ji00dhcknd1p9afa80ydral59z6dzp-jq-1.7.1-dev"
            },
            {
              "name": "doc",
              "path": "/nix/store/xmam34cnczr17warmz692jd3dyip25aq-jq-1.7.1-doc"
            },
            {
              "name": "lib",
              "path": "/nix/store/88miljr5qkqdzlhm7ib26fws4hkz04s8-jq-1.7.1-lib"
            },
            {
              "name": "out",
              "path": "/nix/store/dkpfzwwl049kk1dwnyjacabjvszjknww-jq-1.7.1"
            }
          ],
          "store_path": "/nix/store/www2wsy5azig3si2mcvcbig36npvz8p0-jq-1.7.1-bin"
        },
        "x86_64-darwin": {
          "outputs": [
            {
              "name": "bin",
              "path": "/nix/store/7v052gsm0fs3n9bcr9hdffspq8fnq872-jq-1.7.1-bin",
              "default": true
            },
            {
              "name": "man",
              "path": "/nix/store/dfsyxb7dqxwp3n1bnrzrvbz6lkmz8wyl-jq-1.7.1-man",
              "default": true
            },
            {
              "name": "dev",
              "path": "/nix/store/p0q6vmks1ql07g9hv1p63mkvbs7331xq-jq-1.7.1-dev"
            },
            {
              "name": "doc",
              "path": "/nix/store/3mj72b0gx9kz2y04pcbnfvv6sk8y4jbi-jq-1.7.1-doc"
            },
            {
              "name": "lib",
              "path": "/nix/store/j5qzf4k1c747ci0fp2wdp9xa1czkb5s5-jq-1.7.1-lib"
            },
            {
              "name": "out",
              "path": "/nix/store/fni2q2wmlr64d70j0dw97zhhzmay1nm3-jq-1.7.1"
            }
          ],
          "store_path": "/nix/store/7v052gsm0fs3n9bcr9hdffspq8fnq872-jq-1.7.1-bin"
        },
        "x86_64-linux": {
          "outputs": [
            {
              "name": "bin",
              "path": "/nix/store/sxmad6bc8j8qgqvcc7278fjsrgm89qkc-jq-1.7.1-bin",
              "default": true
            },
            {
              "name": "man",
              "path": "/nix/store/4d9grvh3ssqdqqzycbiyh535ikbs7rg7-jq-1.7.1-man",
              "default": true
            },
            {
              "name": "dev",
              "path": "/nix/store/82ma9xbiyybcqxmcqxd625hmv4nig19r-jq-1.7.1-dev"
            },
            {
              "name": "doc",
              "path": "/nix/store/q55rnn9jh9h3r6imb07w53dyk8d9sd1l-jq-1.7.1-doc"
            },
            {
              "name": "lib",
              "path": "/nix/store/rg32apprx9b1bidimbpypjcb3j4zp0vy-jq-1.7.1-lib"
            },
            {
              "name": "out",
              "path": "/nix/store/4isj4w52vpavwfd8yj9r78dmyg4zy48y-jq-1.7.1"
            }
          ],
          "store_path": "/nix/store/sxmad6bc8j8qgqvcc7278fjsrgm89qkc-jq-1.7.1-bin"
        }
      }
    },
    "k9s@latest": {
      "last_modified": "2024-04-19T17:36:04-04:00",
      "resolved": "github:NixOS/nixpkgs/92d295f588631b0db2da509f381b4fb1e74173c5#k9s",
      "source": "devbox-search",
      "version": "0.32.4",
      "systems": {
        "aarch64-darwin": {
          "outputs": [
            {
              "name": "out",
              "path": "/nix/store/r7jyff9wwfn8414gdssgzfmjkm9jagsc-k9s-0.32.4",
              "default": true
            }
          ],
          "store_path": "/nix/store/r7jyff9wwfn8414gdssgzfmjkm9jagsc-k9s-0.32.4"
        },
        "aarch64-linux": {
          "outputs": [
            {
              "name": "out",
              "path": "/nix/store/4mfchlyipvl3psklgzi8kdvc1jrf9iaf-k9s-0.32.4",
              "default": true
            }
          ],
          "store_path": "/nix/store/4mfchlyipvl3psklgzi8kdvc1jrf9iaf-k9s-0.32.4"
        },
        "x86_64-darwin": {
          "outputs": [
            {
              "name": "out",
              "path": "/nix/store/wmzpk85wsl5f75rxr29iz64spvb5kzwd-k9s-0.32.4",
              "default": true
            }
          ],
          "store_path": "/nix/store/wmzpk85wsl5f75rxr29iz64spvb5kzwd-k9s-0.32.4"
        },
        "x86_64-linux": {
          "outputs": [
            {
              "name": "out",
              "path": "/nix/store/b9cjh70in8c7mrd3sacnn0ric8fj7b82-k9s-0.32.4",
              "default": true
            }
          ],
          "store_path": "/nix/store/b9cjh70in8c7mrd3sacnn0ric8fj7b82-k9s-0.32.4"
        }
      }
    },
    "kind@latest": {
      "last_modified": "2024-03-22T11:26:23Z",
      "resolved": "github:NixOS/nixpkgs/a3ed7406349a9335cb4c2a71369b697cecd9d351#kind",
      "source": "devbox-search",
      "version": "0.22.0",
      "systems": {
        "aarch64-darwin": {
          "outputs": [
            {
              "name": "out",
              "path": "/nix/store/cff6f3a0av9pmak5w1wm9w2n1niq223b-kind-0.22.0",
              "default": true
            }
          ],
          "store_path": "/nix/store/cff6f3a0av9pmak5w1wm9w2n1niq223b-kind-0.22.0"
        },
        "aarch64-linux": {
          "outputs": [
            {
              "name": "out",
              "path": "/nix/store/xkkw8di5pmlgj7mw7mhq12mjigvh033l-kind-0.22.0",
              "default": true
            }
          ],
          "store_path": "/nix/store/xkkw8di5pmlgj7mw7mhq12mjigvh033l-kind-0.22.0"
        },
        "x86_64-darwin": {
          "outputs": [
            {
              "name": "out",
              "path": "/nix/store/fxh74m2g045xwqv90lbvdg57bvk99pf6-kind-0.22.0",
              "default": true
            }
          ],
          "store_path": "/nix/store/fxh74m2g045xwqv90lbvdg57bvk99pf6-kind-0.22.0"
        },
        "x86_64-linux": {
          "outputs": [
            {
              "name": "out",
              "path": "/nix/store/m362mrwv0419cj176nwg31zcs4af6wrs-kind-0.22.0",
              "default": true
            }
          ],
          "store_path": "/nix/store/m362mrwv0419cj176nwg31zcs4af6wrs-kind-0.22.0"
        }
      }
    },
    "kubernetes-helm-wrapped@latest": {
      "last_modified": "2024-04-02T02:53:36Z",
      "resolved": "github:NixOS/nixpkgs/080a4a27f206d07724b88da096e27ef63401a504#kubernetes-helm-wrapped",
      "source": "devbox-search",
      "version": "3.14.3",
      "systems": {
        "aarch64-darwin": {
          "outputs": [
            {
              "name": "out",
              "path": "/nix/store/6iga0c61sacq64c83h4kr19jx31snbry-helm-3.14.3",
              "default": true
            }
          ],
          "store_path": "/nix/store/6iga0c61sacq64c83h4kr19jx31snbry-helm-3.14.3"
        },
        "aarch64-linux": {
          "outputs": [
            {
              "name": "out",
              "path": "/nix/store/kvi5ssq0i652l9brg66bjv3qpv6s2pk4-helm-3.14.3",
              "default": true
            }
          ],
          "store_path": "/nix/store/kvi5ssq0i652l9brg66bjv3qpv6s2pk4-helm-3.14.3"
        },
        "x86_64-darwin": {
          "outputs": [
            {
              "name": "out",
              "path": "/nix/store/rs6p2if31484chscyg0cw3cgkxx5fhb6-helm-3.14.3",
              "default": true
            }
          ],
          "store_path": "/nix/store/rs6p2if31484chscyg0cw3cgkxx5fhb6-helm-3.14.3"
        },
        "x86_64-linux": {
          "outputs": [
            {
              "name": "out",
              "path": "/nix/store/sja405c0p788y6aznpk6gqi5n059n8ms-helm-3.14.3",
              "default": true
            }
          ],
          "store_path": "/nix/store/sja405c0p788y6aznpk6gqi5n059n8ms-helm-3.14.3"
        }
      }
    },
    "kubernetes@1.26.3": {
      "last_modified": "2023-03-28T06:29:13-04:00",
      "resolved": "github:NixOS/nixpkgs/98f3b08f58ff125ef02d55cd52a83f44f245f2ea#kubernetes",
      "source": "devbox-search",
      "version": "1.26.3",
      "systems": {
        "aarch64-linux": {
          "outputs": [
            {
              "name": "out",
              "path": "/nix/store/m7x2j6655yabnjb9xzlk9vqbczdc6qdi-kubernetes-1.26.3",
              "default": true
            },
            {
              "name": "man",
              "path": "/nix/store/3jhsnl980aqb30q97vagwca97dnk481i-kubernetes-1.26.3-man",
              "default": true
            },
            {
              "name": "pause",
              "path": "/nix/store/qdghrfylvfrqg3xy1wlwcs86m2idwfyn-kubernetes-1.26.3-pause"
            }
          ],
          "store_path": "/nix/store/m7x2j6655yabnjb9xzlk9vqbczdc6qdi-kubernetes-1.26.3"
        },
        "x86_64-linux": {
          "outputs": [
            {
              "name": "out",
              "path": "/nix/store/8fx9p1q4nmldqdasdpgkayf07x6a2vy1-kubernetes-1.26.3",
              "default": true
            },
            {
              "name": "man",
              "path": "/nix/store/pr7vd6cmzapydqkd46hp8fq4gg5r555x-kubernetes-1.26.3-man",
              "default": true
            },
            {
              "name": "pause",
              "path": "/nix/store/8smza5jyn44k6x6rx18762gmrfkx63zq-kubernetes-1.26.3-pause"
            }
          ],
          "store_path": "/nix/store/8fx9p1q4nmldqdasdpgkayf07x6a2vy1-kubernetes-1.26.3"
        }
      }
    },
    "kustomize@latest": {
      "last_modified": "2024-03-22T11:26:23Z",
      "resolved": "github:NixOS/nixpkgs/a3ed7406349a9335cb4c2a71369b697cecd9d351#kustomize",
      "source": "devbox-search",
      "version": "5.3.0",
      "systems": {
        "aarch64-darwin": {
          "outputs": [
            {
              "name": "out",
              "path": "/nix/store/bd5d5b8mmsq8z9cc8lpk04bzmc3jyxxp-kustomize-5.3.0",
              "default": true
            }
          ],
          "store_path": "/nix/store/bd5d5b8mmsq8z9cc8lpk04bzmc3jyxxp-kustomize-5.3.0"
        },
        "aarch64-linux": {
          "outputs": [
            {
              "name": "out",
              "path": "/nix/store/h06ibvwj399wvpw4lcg02dzrwmnkxary-kustomize-5.3.0",
              "default": true
            }
          ],
          "store_path": "/nix/store/h06ibvwj399wvpw4lcg02dzrwmnkxary-kustomize-5.3.0"
        },
        "x86_64-darwin": {
          "outputs": [
            {
              "name": "out",
              "path": "/nix/store/ppxs2w5ryksiq8b1py0rldgy02abbwpl-kustomize-5.3.0",
              "default": true
            }
          ],
          "store_path": "/nix/store/ppxs2w5ryksiq8b1py0rldgy02abbwpl-kustomize-5.3.0"
        },
        "x86_64-linux": {
          "outputs": [
            {
              "name": "out",
              "path": "/nix/store/na5izd4072aqa0kkjc4ws0ksg7vf1rml-kustomize-5.3.0",
              "default": true
            }
          ],
          "store_path": "/nix/store/na5izd4072aqa0kkjc4ws0ksg7vf1rml-kustomize-5.3.0"
        }
      }
    },
    "ngrok@latest": {
      "last_modified": "2024-04-19T17:36:04-04:00",
      "resolved": "github:NixOS/nixpkgs/92d295f588631b0db2da509f381b4fb1e74173c5#ngrok",
      "source": "devbox-search",
      "version": "3.7.0",
      "systems": {
        "aarch64-darwin": {
          "outputs": [
            {
              "name": "out",
              "path": "/nix/store/a1mkmkjqb9fhncnlrlpanhdm1yx8z4dz-ngrok-3.7.0",
              "default": true
            }
          ],
          "store_path": "/nix/store/a1mkmkjqb9fhncnlrlpanhdm1yx8z4dz-ngrok-3.7.0"
        },
        "aarch64-linux": {
          "outputs": [
            {
              "name": "out",
              "path": "/nix/store/20w20sghbgy2x0fn0bqz08izv8hkj4ih-ngrok-3.7.0",
              "default": true
            }
          ],
          "store_path": "/nix/store/20w20sghbgy2x0fn0bqz08izv8hkj4ih-ngrok-3.7.0"
        },
        "x86_64-darwin": {
          "outputs": [
            {
              "name": "out",
              "path": "/nix/store/mk8iwdmy2hykl38n6c41dy4d3s8lsdgc-ngrok-3.7.0",
              "default": true
            }
          ],
          "store_path": "/nix/store/mk8iwdmy2hykl38n6c41dy4d3s8lsdgc-ngrok-3.7.0"
        },
        "x86_64-linux": {
          "outputs": [
            {
              "name": "out",
              "path": "/nix/store/rrwpwx6v80kmc91mrx68r7qzsy9y0wc1-ngrok-3.7.0",
              "default": true
            }
          ],
          "store_path": "/nix/store/rrwpwx6v80kmc91mrx68r7qzsy9y0wc1-ngrok-3.7.0"
        }
      }
    },
    "starship@latest": {
      "last_modified": "2024-04-01T22:53:36-04:00",
      "resolved": "github:NixOS/nixpkgs/080a4a27f206d07724b88da096e27ef63401a504#starship",
      "source": "devbox-search",
      "version": "1.18.2",
      "systems": {
        "aarch64-darwin": {
          "outputs": [
            {
              "name": "out",
              "path": "/nix/store/35v8kwcga3019v5kbxzyihvm1sd6hh7a-starship-1.18.2",
              "default": true
            }
          ],
          "store_path": "/nix/store/35v8kwcga3019v5kbxzyihvm1sd6hh7a-starship-1.18.2"
        },
        "aarch64-linux": {
          "outputs": [
            {
              "name": "out",
              "path": "/nix/store/l0hyp13rkhqlqnm60c4i2s0gr5qjjv0s-starship-1.18.2",
              "default": true
            }
          ],
          "store_path": "/nix/store/l0hyp13rkhqlqnm60c4i2s0gr5qjjv0s-starship-1.18.2"
        },
        "x86_64-darwin": {
          "outputs": [
            {
              "name": "out",
              "path": "/nix/store/5p0gz1bqb7svshcnxmm1nxwcz77ndbrs-starship-1.18.2",
              "default": true
            }
          ],
          "store_path": "/nix/store/5p0gz1bqb7svshcnxmm1nxwcz77ndbrs-starship-1.18.2"
        },
        "x86_64-linux": {
          "outputs": [
            {
              "name": "out",
              "path": "/nix/store/zninq8jxwv7j1skb7h41k91qg9awvh23-starship-1.18.2",
              "default": true
            }
          ],
          "store_path": "/nix/store/zninq8jxwv7j1skb7h41k91qg9awvh23-starship-1.18.2"
        }
      }
    },
    "stern@latest": {
      "last_modified": "2024-03-22T11:26:23Z",
      "resolved": "github:NixOS/nixpkgs/a3ed7406349a9335cb4c2a71369b697cecd9d351#stern",
      "source": "devbox-search",
      "version": "1.28.0",
      "systems": {
        "aarch64-darwin": {
          "outputs": [
            {
              "name": "out",
              "path": "/nix/store/v843kvqzsb22r6g5ql3l8zya1f575bng-stern-1.28.0",
              "default": true
            }
          ],
          "store_path": "/nix/store/v843kvqzsb22r6g5ql3l8zya1f575bng-stern-1.28.0"
        },
        "aarch64-linux": {
          "outputs": [
            {
              "name": "out",
              "path": "/nix/store/fsx7nr0wknq6h3n0xidrm7jb57f4hsdp-stern-1.28.0",
              "default": true
            }
          ],
          "store_path": "/nix/store/fsx7nr0wknq6h3n0xidrm7jb57f4hsdp-stern-1.28.0"
        },
        "x86_64-darwin": {
          "outputs": [
            {
              "name": "out",
              "path": "/nix/store/gxv1fqwcjsv85y9kckj3navr7nl16ah2-stern-1.28.0",
              "default": true
            }
          ],
          "store_path": "/nix/store/gxv1fqwcjsv85y9kckj3navr7nl16ah2-stern-1.28.0"
        },
        "x86_64-linux": {
          "outputs": [
            {
              "name": "out",
              "path": "/nix/store/nlrjh49ya33q5pbnay8ngrbsgy4c5bqa-stern-1.28.0",
              "default": true
            }
          ],
          "store_path": "/nix/store/nlrjh49ya33q5pbnay8ngrbsgy4c5bqa-stern-1.28.0"
        }
      }
    },
    "vcluster@latest": {
      "last_modified": "2024-03-25T21:25:22Z",
      "resolved": "github:NixOS/nixpkgs/07262b18b97000d16a4bdb003418bd2fb067a932#vcluster",
      "source": "devbox-search",
      "version": "0.19.5",
      "systems": {
        "aarch64-darwin": {
          "outputs": [
            {
              "name": "out",
              "path": "/nix/store/ymppxq2xydp9yhx8hrgnibvz2a1asrwz-vcluster-0.19.5",
              "default": true
            }
          ],
          "store_path": "/nix/store/ymppxq2xydp9yhx8hrgnibvz2a1asrwz-vcluster-0.19.5"
        },
        "aarch64-linux": {
          "outputs": [
            {
              "name": "out",
              "path": "/nix/store/y2xnim5ajjg874730rpapmqzmnf4xzc1-vcluster-0.19.5",
              "default": true
            }
          ],
          "store_path": "/nix/store/y2xnim5ajjg874730rpapmqzmnf4xzc1-vcluster-0.19.5"
        },
        "x86_64-darwin": {
          "outputs": [
            {
              "name": "out",
              "path": "/nix/store/pjb3sacayh5jfsnkp69nx8494j6kvhi1-vcluster-0.19.5",
              "default": true
            }
          ],
          "store_path": "/nix/store/pjb3sacayh5jfsnkp69nx8494j6kvhi1-vcluster-0.19.5"
        },
        "x86_64-linux": {
          "outputs": [
            {
              "name": "out",
              "path": "/nix/store/czyzy4kby7rls04s2awc2dmv3p431jn0-vcluster-0.19.5",
              "default": true
            }
          ],
          "store_path": "/nix/store/czyzy4kby7rls04s2awc2dmv3p431jn0-vcluster-0.19.5"
        }
      }
    },
    "yq-go@latest": {
      "last_modified": "2024-04-19T17:36:04-04:00",
      "resolved": "github:NixOS/nixpkgs/92d295f588631b0db2da509f381b4fb1e74173c5#yq-go",
      "source": "devbox-search",
      "version": "4.43.1",
      "systems": {
        "aarch64-darwin": {
          "outputs": [
            {
              "name": "out",
              "path": "/nix/store/rfiv0y75hj8730n1a6drnjhkk7vhdl9j-yq-go-4.43.1",
              "default": true
            }
          ],
          "store_path": "/nix/store/rfiv0y75hj8730n1a6drnjhkk7vhdl9j-yq-go-4.43.1"
        },
        "aarch64-linux": {
          "outputs": [
            {
              "name": "out",
              "path": "/nix/store/jni4dcywxfmwabxqmadp6lha4bn2sv2a-yq-go-4.43.1",
              "default": true
            }
          ],
          "store_path": "/nix/store/jni4dcywxfmwabxqmadp6lha4bn2sv2a-yq-go-4.43.1"
        },
        "x86_64-darwin": {
          "outputs": [
            {
              "name": "out",
              "path": "/nix/store/kd7h15ml6ypamdm65vdw1961zmcrqswk-yq-go-4.43.1",
              "default": true
            }
          ],
          "store_path": "/nix/store/kd7h15ml6ypamdm65vdw1961zmcrqswk-yq-go-4.43.1"
        },
        "x86_64-linux": {
          "outputs": [
            {
              "name": "out",
              "path": "/nix/store/3im0h6slqakpx47p6y87var90hsvxqsy-yq-go-4.43.1",
              "default": true
            }
          ],
          "store_path": "/nix/store/3im0h6slqakpx47p6y87var90hsvxqsy-yq-go-4.43.1"
        }
      }
    },
    "zoxide@latest": {
      "last_modified": "2024-03-22T07:26:23-04:00",
      "resolved": "github:NixOS/nixpkgs/a3ed7406349a9335cb4c2a71369b697cecd9d351#zoxide",
      "source": "devbox-search",
      "version": "0.9.4",
      "systems": {
        "aarch64-darwin": {
          "outputs": [
            {
              "name": "out",
              "path": "/nix/store/m7dcv44mihvn2d1ji70f8mxm5z1wfw0w-zoxide-0.9.4",
              "default": true
            }
          ],
          "store_path": "/nix/store/m7dcv44mihvn2d1ji70f8mxm5z1wfw0w-zoxide-0.9.4"
        },
        "aarch64-linux": {
          "outputs": [
            {
              "name": "out",
              "path": "/nix/store/ja54vp3z3k3svdn7wdbzcd6b1f0s827q-zoxide-0.9.4",
              "default": true
            }
          ],
          "store_path": "/nix/store/ja54vp3z3k3svdn7wdbzcd6b1f0s827q-zoxide-0.9.4"
        },
        "x86_64-darwin": {
          "outputs": [
            {
              "name": "out",
              "path": "/nix/store/3ny1qgbkf1y18mh3v1s5naipnp0jbdjj-zoxide-0.9.4",
              "default": true
            }
          ],
          "store_path": "/nix/store/3ny1qgbkf1y18mh3v1s5naipnp0jbdjj-zoxide-0.9.4"
        },
        "x86_64-linux": {
          "outputs": [
            {
              "name": "out",
              "path": "/nix/store/7a9i8cwdglq3jdnj9na4vrg8ml1vj5j0-zoxide-0.9.4",
              "default": true
            }
          ],
          "store_path": "/nix/store/7a9i8cwdglq3jdnj9na4vrg8ml1vj5j0-zoxide-0.9.4"
        }
      }
    }
  }
}
